
Microsoft Visual Studio Solution File, Format Version 12.00
# Visual Studio Version 17
VisualStudioVersion = 17.4.33103.184
MinimumVisualStudioVersion = 10.0.40219.1
Project("{9A19103F-16F7-4668-BE54-9A1E7A4F7556}") = "ZENC.CORE", "ZENC.CORE\ZENC.CORE.csproj", "{F3C497F6-C75B-41EE-8F55-A6119426D7B2}"
EndProject
Project("{2150E333-8FDC-42A3-9474-1A3956D46DE8}") = "00 CORE", "00 CORE", "{A85D7BA6-C22C-4685-8F0C-F9722519EF58}"
EndProject
Project("{2150E333-8FDC-42A3-9474-1A3956D46DE8}") = "99 SAMPLE", "99 SAMPLE", "{DB778A94-46E5-4FEB-8E75-1129686BBFB0}"
EndProject
Project("{9A19103F-16F7-4668-BE54-9A1E7A4F7556}") = "ZENC.SAMPLE", "..\..\99 Sample\ZENC.SAMPLE\ZENC.SAMPLE.csproj", "{8F320AA7-CE22-4169-B889-612DB6BDEC17}"
EndProject
Project("{9A19103F-16F7-4668-BE54-9A1E7A4F7556}") = "ZENC.SAMPLE.API", "..\..\99 Sample\ZENC.SAMPLE.API\ZENC.SAMPLE.API.csproj", "{D9E8843C-DB59-45FA-8976-ACA07CC3EEFB}"
EndProject
Project("{FAE04EC0-301F-11D3-BF4B-00C04F79EFBC}") = "ZENC.SAMPLE.OFFICE.OUTLOOK", "..\..\99 Sample\ZENC.SAMPLE.OFFICE.OUTLOOK\ZENC.SAMPLE.OFFICE.OUTLOOK.csproj", "{13BD8351-D06C-4FD0-BBB8-55C7B122F886}"
EndProject
Project("{9A19103F-16F7-4668-BE54-9A1E7A4F7556}") = "ZENC", "..\ZENC\ZENC.csproj", "{499E553D-DE45-48E5-998F-A000717A61B7}"
EndProject
Project("{9A19103F-16F7-4668-BE54-9A1E7A4F7556}") = "ZENC.AZURE", "..\ZENC.AZURE\ZENC.AZURE.csproj", "{7C9F8CB5-A66D-4BF4-9653-75032E348841}"
EndProject
Project("{9A19103F-16F7-4668-BE54-9A1E7A4F7556}") = "ZENC.SAMPLE.BIZ", "..\..\99 Sample\ZENC.SAMPLE.BIZ\ZENC.SAMPLE.BIZ.csproj", "{7666D09A-6287-48A7-922B-60FB71D6A1DC}"
EndProject
Project("{2150E333-8FDC-42A3-9474-1A3956D46DE8}") = "98 BIZ", "98 BIZ", "{8BE975EE-AEB1-4E73-B184-23B3733EA29C}"
EndProject
Global
	GlobalSection(SolutionConfigurationPlatforms) = preSolution
		Debug|Any CPU = Debug|Any CPU
		Release|Any CPU = Release|Any CPU
	EndGlobalSection
	GlobalSection(ProjectConfigurationPlatforms) = postSolution
		{F3C497F6-C75B-41EE-8F55-A6119426D7B2}.Debug|Any CPU.ActiveCfg = Debug|Any CPU
		{F3C497F6-C75B-41EE-8F55-A6119426D7B2}.Debug|Any CPU.Build.0 = Debug|Any CPU
		{F3C497F6-C75B-41EE-8F55-A6119426D7B2}.Release|Any CPU.ActiveCfg = Release|Any CPU
		{F3C497F6-C75B-41EE-8F55-A6119426D7B2}.Release|Any CPU.Build.0 = Release|Any CPU
		{8F320AA7-CE22-4169-B889-612DB6BDEC17}.Debug|Any CPU.ActiveCfg = Debug|Any CPU
		{8F320AA7-CE22-4169-B889-612DB6BDEC17}.Debug|Any CPU.Build.0 = Debug|Any CPU
		{8F320AA7-CE22-4169-B889-612DB6BDEC17}.Release|Any CPU.ActiveCfg = Release|Any CPU
		{8F320AA7-CE22-4169-B889-612DB6BDEC17}.Release|Any CPU.Build.0 = Release|Any CPU
		{D9E8843C-DB59-45FA-8976-ACA07CC3EEFB}.Debug|Any CPU.ActiveCfg = Debug|Any CPU
		{D9E8843C-DB59-45FA-8976-ACA07CC3EEFB}.Debug|Any CPU.Build.0 = Debug|Any CPU
		{D9E8843C-DB59-45FA-8976-ACA07CC3EEFB}.Release|Any CPU.ActiveCfg = Release|Any CPU
		{D9E8843C-DB59-45FA-8976-ACA07CC3EEFB}.Release|Any CPU.Build.0 = Release|Any CPU
		{13BD8351-D06C-4FD0-BBB8-55C7B122F886}.Debug|Any CPU.ActiveCfg = Debug|Any CPU
		{13BD8351-D06C-4FD0-BBB8-55C7B122F886}.Debug|Any CPU.Build.0 = Debug|Any CPU
		{13BD8351-D06C-4FD0-BBB8-55C7B122F886}.Release|Any CPU.ActiveCfg = Release|Any CPU
		{13BD8351-D06C-4FD0-BBB8-55C7B122F886}.Release|Any CPU.Build.0 = Release|Any CPU
		{499E553D-DE45-48E5-998F-A000717A61B7}.Debug|Any CPU.ActiveCfg = Debug|Any CPU
		{499E553D-DE45-48E5-998F-A000717A61B7}.Debug|Any CPU.Build.0 = Debug|Any CPU
		{499E553D-DE45-48E5-998F-A000717A61B7}.Release|Any CPU.ActiveCfg = Release|Any CPU
		{499E553D-DE45-48E5-998F-A000717A61B7}.Release|Any CPU.Build.0 = Release|Any CPU
		{7C9F8CB5-A66D-4BF4-9653-75032E348841}.Debug|Any CPU.ActiveCfg = Debug|Any CPU
		{7C9F8CB5-A66D-4BF4-9653-75032E348841}.Debug|Any CPU.Build.0 = Debug|Any CPU
		{7C9F8CB5-A66D-4BF4-9653-75032E348841}.Release|Any CPU.ActiveCfg = Release|Any CPU
		{7C9F8CB5-A66D-4BF4-9653-75032E348841}.Release|Any CPU.Build.0 = Release|Any CPU
		{7666D09A-6287-48A7-922B-60FB71D6A1DC}.Debug|Any CPU.ActiveCfg = Debug|Any CPU
		{7666D09A-6287-48A7-922B-60FB71D6A1DC}.Debug|Any CPU.Build.0 = Debug|Any CPU
		{7666D09A-6287-48A7-922B-60FB71D6A1DC}.Release|Any CPU.ActiveCfg = Release|Any CPU
		{7666D09A-6287-48A7-922B-60FB71D6A1DC}.Release|Any CPU.Build.0 = Release|Any CPU
	EndGlobalSection
	GlobalSection(SolutionProperties) = preSolution
		HideSolutionNode = FALSE
	EndGlobalSection
	GlobalSection(NestedProjects) = preSolution
		{F3C497F6-C75B-41EE-8F55-A6119426D7B2} = {A85D7BA6-C22C-4685-8F0C-F9722519EF58}
		{8F320AA7-CE22-4169-B889-612DB6BDEC17} = {DB778A94-46E5-4FEB-8E75-1129686BBFB0}
		{D9E8843C-DB59-45FA-8976-ACA07CC3EEFB} = {DB778A94-46E5-4FEB-8E75-1129686BBFB0}
		{13BD8351-D06C-4FD0-BBB8-55C7B122F886} = {DB778A94-46E5-4FEB-8E75-1129686BBFB0}
		{499E553D-DE45-48E5-998F-A000717A61B7} = {A85D7BA6-C22C-4685-8F0C-F9722519EF58}
		{7C9F8CB5-A66D-4BF4-9653-75032E348841} = {A85D7BA6-C22C-4685-8F0C-F9722519EF58}
		{7666D09A-6287-48A7-922B-60FB71D6A1DC} = {8BE975EE-AEB1-4E73-B184-23B3733EA29C}
	EndGlobalSection
	GlobalSection(ExtensibilityGlobals) = postSolution
		SolutionGuid = {3C2097D2-F084-43E0-BFFC-1AF0573B5C06}
	EndGlobalSection
EndGlobal
